
Microsoft Visual Studio Solution File, Format Version 12.00
# Visual Studio Version 16
VisualStudioVersion = 16.0.31727.386
MinimumVisualStudioVersion = 10.0.40219.1
Project("{9A19103F-16F7-4668-BE54-9A1E7A4F7556}") = "Forum.Domain", "src\Forum.Domain\Forum.Domain.csproj", "{CEFD0786-45D2-4B47-83DE-D03B7744DBEC}"
EndProject
Project("{9A19103F-16F7-4668-BE54-9A1E7A4F7556}") = "Forum.Application", "src\Forum.Application\Forum.Application.csproj", "{3E127F10-9718-4EDA-8C47-588EE1211368}"
EndProject
Project("{9A19103F-16F7-4668-BE54-9A1E7A4F7556}") = "Forum.Infra", "src\Forum.Infra\Forum.Infra.csproj", "{C9B71998-B391-4D34-A595-239B9F47D22F}"
EndProject
Project("{9A19103F-16F7-4668-BE54-9A1E7A4F7556}") = "Forum.Core", "src\Forum.Core\Forum.Core.csproj", "{B22D4A64-BE77-4E46-BBFA-2380B9157D2A}"
EndProject
Project("{2150E333-8FDC-42A3-9474-1A3956D46DE8}") = "Solution Items", "Solution Items", "{77040A51-26F6-481E-A897-73CBCDFF591B}"
	ProjectSection(SolutionItems) = preProject
		.editorconfig = .editorconfig
	EndProjectSection
EndProject
Project("{FAE04EC0-301F-11D3-BF4B-00C04F79EFBC}") = "Forum.Presentation", "src\Forum.Presentation\Forum.Presentation.csproj", "{EE956C6B-3071-4103-9E13-65F7BBDA579D}"
EndProject
Global
	GlobalSection(SolutionConfigurationPlatforms) = preSolution
		Debug|Any CPU = Debug|Any CPU
		Release|Any CPU = Release|Any CPU
	EndGlobalSection
	GlobalSection(ProjectConfigurationPlatforms) = postSolution
		{CEFD0786-45D2-4B47-83DE-D03B7744DBEC}.Debug|Any CPU.ActiveCfg = Debug|Any CPU
		{CEFD0786-45D2-4B47-83DE-D03B7744DBEC}.Debug|Any CPU.Build.0 = Debug|Any CPU
		{CEFD0786-45D2-4B47-83DE-D03B7744DBEC}.Release|Any CPU.ActiveCfg = Release|Any CPU
		{CEFD0786-45D2-4B47-83DE-D03B7744DBEC}.Release|Any CPU.Build.0 = Release|Any CPU
		{3E127F10-9718-4EDA-8C47-588EE1211368}.Debug|Any CPU.ActiveCfg = Debug|Any CPU
		{3E127F10-9718-4EDA-8C47-588EE1211368}.Debug|Any CPU.Build.0 = Debug|Any CPU
		{3E127F10-9718-4EDA-8C47-588EE1211368}.Release|Any CPU.ActiveCfg = Release|Any CPU
		{3E127F10-9718-4EDA-8C47-588EE1211368}.Release|Any CPU.Build.0 = Release|Any CPU
		{C9B71998-B391-4D34-A595-239B9F47D22F}.Debug|Any CPU.ActiveCfg = Debug|Any CPU
		{C9B71998-B391-4D34-A595-239B9F47D22F}.Debug|Any CPU.Build.0 = Debug|Any CPU
		{C9B71998-B391-4D34-A595-239B9F47D22F}.Release|Any CPU.ActiveCfg = Release|Any CPU
		{C9B71998-B391-4D34-A595-239B9F47D22F}.Release|Any CPU.Build.0 = Release|Any CPU
		{B22D4A64-BE77-4E46-BBFA-2380B9157D2A}.Debug|Any CPU.ActiveCfg = Debug|Any CPU
		{B22D4A64-BE77-4E46-BBFA-2380B9157D2A}.Debug|Any CPU.Build.0 = Debug|Any CPU
		{B22D4A64-BE77-4E46-BBFA-2380B9157D2A}.Release|Any CPU.ActiveCfg = Release|Any CPU
		{B22D4A64-BE77-4E46-BBFA-2380B9157D2A}.Release|Any CPU.Build.0 = Release|Any CPU
		{EE956C6B-3071-4103-9E13-65F7BBDA579D}.Debug|Any CPU.ActiveCfg = Debug|Any CPU
		{EE956C6B-3071-4103-9E13-65F7BBDA579D}.Debug|Any CPU.Build.0 = Debug|Any CPU
		{EE956C6B-3071-4103-9E13-65F7BBDA579D}.Release|Any CPU.ActiveCfg = Release|Any CPU
		{EE956C6B-3071-4103-9E13-65F7BBDA579D}.Release|Any CPU.Build.0 = Release|Any CPU
	EndGlobalSection
	GlobalSection(SolutionProperties) = preSolution
		HideSolutionNode = FALSE
	EndGlobalSection
	GlobalSection(ExtensibilityGlobals) = postSolution
		SolutionGuid = {DC654892-D876-408A-AA39-41F8BC35D3B1}
	EndGlobalSection
EndGlobal
